
Microsoft Visual Studio Solution File, Format Version 12.00
# Visual Studio Version 16
VisualStudioVersion = 16.0.29920.165
MinimumVisualStudioVersion = 10.0.40219.1
Project("{888888A0-9F3D-457C-B088-3A5042F75D52}") = "GenAleatorioDeDistribuciones", "GenAleatorioDeDistribuciones\GenAleatorioDeDistribuciones.pyproj", "{87DB5BF6-59B2-4B31-89BD-765B35C410DD}"
EndProject
Global
	GlobalSection(SolutionConfigurationPlatforms) = preSolution
		Debug|Any CPU = Debug|Any CPU
		Release|Any CPU = Release|Any CPU
	EndGlobalSection
	GlobalSection(ProjectConfigurationPlatforms) = postSolution
		{87DB5BF6-59B2-4B31-89BD-765B35C410DD}.Debug|Any CPU.ActiveCfg = Debug|Any CPU
		{87DB5BF6-59B2-4B31-89BD-765B35C410DD}.Release|Any CPU.ActiveCfg = Release|Any CPU
	EndGlobalSection
	GlobalSection(SolutionProperties) = preSolution
		HideSolutionNode = FALSE
	EndGlobalSection
	GlobalSection(ExtensibilityGlobals) = postSolution
		SolutionGuid = {86847CDD-5F92-4B25-9513-88DE1131D0C5}
	EndGlobalSection
EndGlobal
